{
  "name": "bpmn-layout-test",
  "version": "1.0.0",
  "lockfileVersion": 3,
  "requires": true,
  "packages": {
    "": {
      "name": "bpmn-layout-test",
      "version": "1.0.0",
      "license": "ISC",
      "dependencies": {
        "bpmn-auto-layout": "^1.3.0"
      }
    },
    "node_modules/bpmn-auto-layout": {
      "version": "1.3.0",
      "resolved": "https://registry.npmjs.org/bpmn-auto-layout/-/bpmn-auto-layout-1.3.0.tgz",
      "integrity": "sha512-ufjMy1MaaZxkQF7f2wY6EL6TnRMSFr/r9eBhp0QvS41UHXW77aQVt65+dn2MmVMlHdyvZyOMNYXO2qYpgX6bQA==",
      "license": "MIT",
      "workspaces": [
        "example"
      ],
      "dependencies": {
        "bpmn-moddle": "^10.0.0",
        "min-dash": "^5.0.0"
      },
      "engines": {
        "node": ">= 18"
      }
    },
    "node_modules/bpmn-moddle": {
      "version": "10.1.0",
      "resolved": "https://registry.npmjs.org/bpmn-moddle/-/bpmn-moddle-10.1.0.tgz",
      "integrity": "sha512-k9Vl97hiFwlr4bJTQ5+pZp21bmrQwil5jnMQ30wF8vney2/WnIcJmWwYzRTAKFVoViTGowtDfbO5rGEF4viO0w==",
      "license": "MIT",
      "dependencies": {
        "min-dash": "^5.1.0",
        "moddle": "^8.2.1",
        "moddle-xml": "^12.1.0"
      },
      "engines": {
        "node": ">= 20.12"
      }
    },
    "node_modules/min-dash": {
      "version": "5.1.0",
      "resolved": "https://registry.npmjs.org/min-dash/-/min-dash-5.1.0.tgz",
      "integrity": "sha512-HAvN6XzmCQj+js43G9sJRRw8kj/7DvoxN7qhoIN9Xo5ZN1NMljtpyKs/NunXmw0QSWwlgZzNv6tLeEa4xaZ0tg==",
      "license": "MIT"
    },
    "node_modules/moddle": {
      "version": "8.2.1",
      "resolved": "https://registry.npmjs.org/moddle/-/moddle-8.2.1.tgz",
      "integrity": "sha512-20qzO/ZpMGO9j9gdQgXk9bfGxb9wA3JKnGth/21YZKODLrZE4RW/uVMIL5pTskYm34Z61DucBEPkq93qByNsBQ==",
      "license": "MIT",
      "dependencies": {
        "min-dash": "^5.1.0"
      }
    },
    "node_modules/moddle-xml": {
      "version": "12.1.0",
      "resolved": "https://registry.npmjs.org/moddle-xml/-/moddle-xml-12.1.0.tgz",
      "integrity": "sha512-+m50j9/MFGhvWbLJoKSSjQj3uv7SYm2w5i2lfv6goWarlWW1Nd0A31NYUXmKuWnEZ8Mm/bH1RZYtuf4x8ptY7g==",
      "license": "MIT",
      "dependencies": {
        "min-dash": "^5.1.0",
        "saxen": "^11.1.0"
      },
      "engines": {
        "node": ">= 18"
      },
      "peerDependencies": {
        "moddle": ">= 6.2.0"
      }
    },
    "node_modules/saxen": {
      "version": "11.1.1",
      "resolved": "https://registry.npmjs.org/saxen/-/saxen-11.1.1.tgz",
      "integrity": "sha512-J4BkmJFaM7VgE7pgkFGsNEcqqM3h7+Mz80vfLWFhx7uNOCOXIu6LLjQHYWNejdst3pf/3JUaBIG9+pkk1umlow==",
      "license": "MIT",
      "engines": {
        "node": ">= 20.12"
      }
    }
  }
}
